
Microsoft Visual Studio Solution File, Format Version 12.00
# Visual Studio Version 16
VisualStudioVersion = 16.0.28407.52
MinimumVisualStudioVersion = 10.0.40219.1
Project("{FAE04EC0-301F-11D3-BF4B-00C04F79EFBC}") = "VS2019-Preview", "VS2019-Preview\VS2019-Preview.csproj", "{4BBFC473-ABF4-4B77-AA95-193783145642}"
EndProject
Global
	GlobalSection(SolutionConfigurationPlatforms) = preSolution
		Debug|Any CPU = Debug|Any CPU
		Release|Any CPU = Release|Any CPU
	EndGlobalSection
	GlobalSection(ProjectConfigurationPlatforms) = postSolution
		{4BBFC473-ABF4-4B77-AA95-193783145642}.Debug|Any CPU.ActiveCfg = Debug|Any CPU
		{4BBFC473-ABF4-4B77-AA95-193783145642}.Debug|Any CPU.Build.0 = Debug|Any CPU
		{4BBFC473-ABF4-4B77-AA95-193783145642}.Release|Any CPU.ActiveCfg = Release|Any CPU
		{4BBFC473-ABF4-4B77-AA95-193783145642}.Release|Any CPU.Build.0 = Release|Any CPU
	EndGlobalSection
	GlobalSection(SolutionProperties) = preSolution
		HideSolutionNode = FALSE
	EndGlobalSection
	GlobalSection(ExtensibilityGlobals) = postSolution
		SolutionGuid = {AD6AAC29-CA9C-4BAD-86A7-6181236276DC}
	EndGlobalSection
EndGlobal
